
Microsoft Visual Studio Solution File, Format Version 12.00
# Visual Studio Version 17
VisualStudioVersion = 17.3.32922.545
MinimumVisualStudioVersion = 10.0.40219.1
Project("{FAE04EC0-301F-11D3-BF4B-00C04F79EFBC}") = "ogrenciTranskriptUygulaması", "ogrenciTranskriptUygulaması\ogrenciTranskriptUygulaması.csproj", "{84B50F0C-2B13-47A1-B7F8-4B2AC37B65C0}"
EndProject
Global
	GlobalSection(SolutionConfigurationPlatforms) = preSolution
		Debug|Any CPU = Debug|Any CPU
		Release|Any CPU = Release|Any CPU
	EndGlobalSection
	GlobalSection(ProjectConfigurationPlatforms) = postSolution
		{84B50F0C-2B13-47A1-B7F8-4B2AC37B65C0}.Debug|Any CPU.ActiveCfg = Debug|Any CPU
		{84B50F0C-2B13-47A1-B7F8-4B2AC37B65C0}.Debug|Any CPU.Build.0 = Debug|Any CPU
		{84B50F0C-2B13-47A1-B7F8-4B2AC37B65C0}.Release|Any CPU.ActiveCfg = Release|Any CPU
		{84B50F0C-2B13-47A1-B7F8-4B2AC37B65C0}.Release|Any CPU.Build.0 = Release|Any CPU
	EndGlobalSection
	GlobalSection(SolutionProperties) = preSolution
		HideSolutionNode = FALSE
	EndGlobalSection
	GlobalSection(ExtensibilityGlobals) = postSolution
		SolutionGuid = {6881B0B1-9B76-41ED-A1EE-BA9BDB4EB13A}
	EndGlobalSection
EndGlobal
